
Microsoft Visual Studio Solution File, Format Version 12.00
# Visual Studio 15
VisualStudioVersion = 15.0.28307.539
MinimumVisualStudioVersion = 10.0.40219.1
Project("{FAE04EC0-301F-11D3-BF4B-00C04F79EFBC}") = "Игра в слова", "Игра в слова\Игра в слова.csproj", "{1272E2E1-57E5-4FD7-86E8-AA36D4AA2A9D}"
EndProject
Global
	GlobalSection(SolutionConfigurationPlatforms) = preSolution
		Debug|Any CPU = Debug|Any CPU
		Release|Any CPU = Release|Any CPU
	EndGlobalSection
	GlobalSection(ProjectConfigurationPlatforms) = postSolution
		{1272E2E1-57E5-4FD7-86E8-AA36D4AA2A9D}.Debug|Any CPU.ActiveCfg = Debug|Any CPU
		{1272E2E1-57E5-4FD7-86E8-AA36D4AA2A9D}.Debug|Any CPU.Build.0 = Debug|Any CPU
		{1272E2E1-57E5-4FD7-86E8-AA36D4AA2A9D}.Release|Any CPU.ActiveCfg = Release|Any CPU
		{1272E2E1-57E5-4FD7-86E8-AA36D4AA2A9D}.Release|Any CPU.Build.0 = Release|Any CPU
	EndGlobalSection
	GlobalSection(SolutionProperties) = preSolution
		HideSolutionNode = FALSE
	EndGlobalSection
	GlobalSection(ExtensibilityGlobals) = postSolution
		SolutionGuid = {1E4039D7-824E-4C69-8B68-DB116500139C}
	EndGlobalSection
EndGlobal
